
Microsoft Visual Studio Solution File, Format Version 12.00
# Visual Studio Version 16
VisualStudioVersion = 16.0.31205.134
MinimumVisualStudioVersion = 10.0.40219.1
Project("{9A19103F-16F7-4668-BE54-9A1E7A4F7556}") = "KretaDesktop", "KretaDesktop\KretaDesktop.csproj", "{C00D449C-7DC4-45B0-9FB1-6C0BE3E9B8AC}"
EndProject
Project("{9A19103F-16F7-4668-BE54-9A1E7A4F7556}") = "KretaCommandLine", "..\KretaCommandLine\KretaCommandLine.csproj", "{62D04AAA-442D-4CC6-A575-327C9FD69932}"
EndProject
Project("{9A19103F-16F7-4668-BE54-9A1E7A4F7556}") = "KretaCommandLineTests", "..\KretaCommandLineTests\KretaCommandLineTests.csproj", "{B4D962FB-F0F1-4E5A-9FF7-54B87A9E0B9A}"
EndProject
Project("{FAE04EC0-301F-11D3-BF4B-00C04F79EFBC}") = "KretaCommandLineTestXUnit", "KretaCommandLineTestXUnit\KretaCommandLineTestXUnit.csproj", "{02CE452B-CA57-47DC-9245-1C985FEBC787}"
EndProject
Global
	GlobalSection(SolutionConfigurationPlatforms) = preSolution
		Debug|Any CPU = Debug|Any CPU
		Release|Any CPU = Release|Any CPU
	EndGlobalSection
	GlobalSection(ProjectConfigurationPlatforms) = postSolution
		{C00D449C-7DC4-45B0-9FB1-6C0BE3E9B8AC}.Debug|Any CPU.ActiveCfg = Debug|Any CPU
		{C00D449C-7DC4-45B0-9FB1-6C0BE3E9B8AC}.Debug|Any CPU.Build.0 = Debug|Any CPU
		{C00D449C-7DC4-45B0-9FB1-6C0BE3E9B8AC}.Release|Any CPU.ActiveCfg = Release|Any CPU
		{C00D449C-7DC4-45B0-9FB1-6C0BE3E9B8AC}.Release|Any CPU.Build.0 = Release|Any CPU
		{62D04AAA-442D-4CC6-A575-327C9FD69932}.Debug|Any CPU.ActiveCfg = Debug|Any CPU
		{62D04AAA-442D-4CC6-A575-327C9FD69932}.Debug|Any CPU.Build.0 = Debug|Any CPU
		{62D04AAA-442D-4CC6-A575-327C9FD69932}.Release|Any CPU.ActiveCfg = Release|Any CPU
		{62D04AAA-442D-4CC6-A575-327C9FD69932}.Release|Any CPU.Build.0 = Release|Any CPU
		{B4D962FB-F0F1-4E5A-9FF7-54B87A9E0B9A}.Debug|Any CPU.ActiveCfg = Debug|Any CPU
		{B4D962FB-F0F1-4E5A-9FF7-54B87A9E0B9A}.Debug|Any CPU.Build.0 = Debug|Any CPU
		{B4D962FB-F0F1-4E5A-9FF7-54B87A9E0B9A}.Release|Any CPU.ActiveCfg = Release|Any CPU
		{B4D962FB-F0F1-4E5A-9FF7-54B87A9E0B9A}.Release|Any CPU.Build.0 = Release|Any CPU
		{02CE452B-CA57-47DC-9245-1C985FEBC787}.Debug|Any CPU.ActiveCfg = Debug|Any CPU
		{02CE452B-CA57-47DC-9245-1C985FEBC787}.Debug|Any CPU.Build.0 = Debug|Any CPU
		{02CE452B-CA57-47DC-9245-1C985FEBC787}.Release|Any CPU.ActiveCfg = Release|Any CPU
		{02CE452B-CA57-47DC-9245-1C985FEBC787}.Release|Any CPU.Build.0 = Release|Any CPU
	EndGlobalSection
	GlobalSection(SolutionProperties) = preSolution
		HideSolutionNode = FALSE
	EndGlobalSection
	GlobalSection(ExtensibilityGlobals) = postSolution
		SolutionGuid = {66216210-7F2C-4B2D-82FF-BBBF800AB1E4}
	EndGlobalSection
EndGlobal
